
Microsoft Visual Studio Solution File, Format Version 12.00
# Visual Studio Version 17
VisualStudioVersion = 17.9.34728.123
MinimumVisualStudioVersion = 10.0.40219.1
Project("{9A19103F-16F7-4668-BE54-9A1E7A4F7556}") = "KeyVaultDemo", "KeyVaultDemo.csproj", "{5B05B7DE-6BE9-4EDA-99E8-DA76DE161B4B}"
EndProject
Global
	GlobalSection(SolutionConfigurationPlatforms) = preSolution
		Debug|Any CPU = Debug|Any CPU
		Release|Any CPU = Release|Any CPU
	EndGlobalSection
	GlobalSection(ProjectConfigurationPlatforms) = postSolution
		{5B05B7DE-6BE9-4EDA-99E8-DA76DE161B4B}.Debug|Any CPU.ActiveCfg = Debug|Any CPU
		{5B05B7DE-6BE9-4EDA-99E8-DA76DE161B4B}.Debug|Any CPU.Build.0 = Debug|Any CPU
		{5B05B7DE-6BE9-4EDA-99E8-DA76DE161B4B}.Release|Any CPU.ActiveCfg = Release|Any CPU
		{5B05B7DE-6BE9-4EDA-99E8-DA76DE161B4B}.Release|Any CPU.Build.0 = Release|Any CPU
	EndGlobalSection
	GlobalSection(SolutionProperties) = preSolution
		HideSolutionNode = FALSE
	EndGlobalSection
	GlobalSection(ExtensibilityGlobals) = postSolution
		SolutionGuid = {578A6F89-3051-493E-AF39-B58DB912BEB1}
	EndGlobalSection
EndGlobal
